
Microsoft Visual Studio Solution File, Format Version 12.00
# Visual Studio Version 17
VisualStudioVersion = 17.4.33213.308
MinimumVisualStudioVersion = 10.0.40219.1
Project("{888888A0-9F3D-457C-B088-3A5042F75D52}") = "RS2_client_library_", "RS2_client_library_.pyproj", "{CF16B438-0272-4178-B87C-F3C8FED7AB40}"
EndProject
Global
	GlobalSection(SolutionConfigurationPlatforms) = preSolution
		Debug|Any CPU = Debug|Any CPU
		Release|Any CPU = Release|Any CPU
	EndGlobalSection
	GlobalSection(ProjectConfigurationPlatforms) = postSolution
		{CF16B438-0272-4178-B87C-F3C8FED7AB40}.Debug|Any CPU.ActiveCfg = Debug|Any CPU
		{CF16B438-0272-4178-B87C-F3C8FED7AB40}.Release|Any CPU.ActiveCfg = Release|Any CPU
	EndGlobalSection
	GlobalSection(SolutionProperties) = preSolution
		HideSolutionNode = FALSE
	EndGlobalSection
	GlobalSection(ExtensibilityGlobals) = postSolution
		SolutionGuid = {0A9C5DC7-250B-4739-A474-C914ADB30D86}
	EndGlobalSection
EndGlobal
